# THIS IS AN AUTOGENERATED FILE. DO NOT EDIT THIS FILE DIRECTLY.
# yarn lockfile v1


"@hotwired/stimulus@^3.0.0-beta.2":
  version "3.0.0-beta.2"
  resolved "https://registry.yarnpkg.com/@hotwired/stimulus/-/stimulus-3.0.0-beta.2.tgz#64ca67af9cc473ca97bb99d98fee5bc08e4c3914"
  integrity sha512-rp2XojlugD0mvqi3qbqM660PbjqS7hnq/8FYa7SK/DL2rvWDu0/Ka3KW8cyXtcB1RiVG4nX5Oh4oq3nmuDjENQ==

"@hotwired/turbo-rails@^7.0.0-rc.3":
  version "7.0.0-rc.3"
  resolved "https://registry.yarnpkg.com/@hotwired/turbo-rails/-/turbo-rails-7.0.0-rc.3.tgz#ebb088a0c9f6eed23a99b396c2ae59d0c57644e0"
  integrity sha512-J5NLTGSvlFW86pRxEm2WlYKdNeIkmQT9ZmIo1Rputj7BLymZYDCglaZ2vhMVFnQJ4qXEq4ttS3xeQt3cCG2Tdg==
  dependencies:
    "@hotwired/turbo" "^7.0.0-rc.3"
    "@rails/actioncable" "^6.0.0"

"@hotwired/turbo@^7.0.0-rc.3":
  version "7.0.0-rc.3"
  resolved "https://registry.yarnpkg.com/@hotwired/turbo/-/turbo-7.0.0-rc.3.tgz#f31289fc185e09524445471d1b46b59cac0f99cb"
  integrity sha512-Xiqtb2fvKcnkc/6cJNx8x2+KHswJeMmNLXPSc8jIE6sYAhnL8pDY2ewiV3x5JS/y+/yWhQSMMHONBwHt8ykYKQ==

"@rails/actioncable@^6.0.0":
  version "6.1.4"
  resolved "https://registry.yarnpkg.com/@rails/actioncable/-/actioncable-6.1.4.tgz#c3c5a9f8302c429af9722b6c50ab48049016d2a3"
  integrity sha512-0LmSKJTuo2dL6BQ+9xxLnS9lbkyfz2mBGeBnQ2J7o9Bn0l0q+ZC6VuoZMZZXPvABI4QT7Nfknv5WhfKYL+boew==

bootstrap@^5.1.1:
  version "5.1.1"
  resolved "https://registry.yarnpkg.com/bootstrap/-/bootstrap-5.1.1.tgz#9d6eed81e08feaccedf3adaca51fe4b73a2871df"
  integrity sha512-/jUa4sSuDZWlDLQ1gwQQR8uoYSvLJzDd8m5o6bPKh3asLAMYVZKdRCjb1joUd5WXf0WwCNzd2EjwQQhupou0dA==

esbuild@^0.12.26:
  version "0.12.26"
  resolved "https://registry.yarnpkg.com/esbuild/-/esbuild-0.12.26.tgz#35f2d58ac3fa4629df24aa4d6fd72feb5522e94b"
  integrity sha512-YmTkhPKjvTJ+G5e96NyhGf69bP+hzO0DscqaVJTi5GM34uaD4Ecj7omu5lJO+NrxCUBRhy2chONLK1h/2LwoXA==
